
Microsoft Visual Studio Solution File, Format Version 12.00
# Visual Studio Version 17
VisualStudioVersion = 17.8.34330.188
MinimumVisualStudioVersion = 10.0.40219.1
Project("{9A19103F-16F7-4668-BE54-9A1E7A4F7556}") = "HCI-Task.Server", "HCI-Task.Server\HCI-Task.Server.csproj", "{AFC36C47-630B-4A28-A8D3-4F5EE93616DF}"
EndProject
Project("{54A90642-561A-4BB1-A94E-469ADEE60C69}") = "hci-task.client", "hci-task.client\hci-task.client.esproj", "{10219059-0AA2-4677-BDFD-B134DD383DDA}"
EndProject
Project("{FAE04EC0-301F-11D3-BF4B-00C04F79EFBC}") = "HCI-Task.Tests", "HCI-Task.Tests\HCI-Task.Tests.csproj", "{A865432A-BE53-4A7A-9BEF-4ABFFE664F56}"
EndProject
Global
	GlobalSection(SolutionConfigurationPlatforms) = preSolution
		Debug|Any CPU = Debug|Any CPU
		Release|Any CPU = Release|Any CPU
	EndGlobalSection
	GlobalSection(ProjectConfigurationPlatforms) = postSolution
		{AFC36C47-630B-4A28-A8D3-4F5EE93616DF}.Debug|Any CPU.ActiveCfg = Debug|Any CPU
		{AFC36C47-630B-4A28-A8D3-4F5EE93616DF}.Debug|Any CPU.Build.0 = Debug|Any CPU
		{AFC36C47-630B-4A28-A8D3-4F5EE93616DF}.Release|Any CPU.ActiveCfg = Release|Any CPU
		{AFC36C47-630B-4A28-A8D3-4F5EE93616DF}.Release|Any CPU.Build.0 = Release|Any CPU
		{10219059-0AA2-4677-BDFD-B134DD383DDA}.Debug|Any CPU.ActiveCfg = Debug|Any CPU
		{10219059-0AA2-4677-BDFD-B134DD383DDA}.Debug|Any CPU.Build.0 = Debug|Any CPU
		{10219059-0AA2-4677-BDFD-B134DD383DDA}.Debug|Any CPU.Deploy.0 = Debug|Any CPU
		{10219059-0AA2-4677-BDFD-B134DD383DDA}.Release|Any CPU.ActiveCfg = Release|Any CPU
		{10219059-0AA2-4677-BDFD-B134DD383DDA}.Release|Any CPU.Build.0 = Release|Any CPU
		{10219059-0AA2-4677-BDFD-B134DD383DDA}.Release|Any CPU.Deploy.0 = Release|Any CPU
		{A865432A-BE53-4A7A-9BEF-4ABFFE664F56}.Debug|Any CPU.ActiveCfg = Debug|Any CPU
		{A865432A-BE53-4A7A-9BEF-4ABFFE664F56}.Debug|Any CPU.Build.0 = Debug|Any CPU
		{A865432A-BE53-4A7A-9BEF-4ABFFE664F56}.Release|Any CPU.ActiveCfg = Release|Any CPU
		{A865432A-BE53-4A7A-9BEF-4ABFFE664F56}.Release|Any CPU.Build.0 = Release|Any CPU
	EndGlobalSection
	GlobalSection(SolutionProperties) = preSolution
		HideSolutionNode = FALSE
	EndGlobalSection
	GlobalSection(ExtensibilityGlobals) = postSolution
		SolutionGuid = {82D82070-0DAA-4E6F-A33A-3E2BE77FB39A}
	EndGlobalSection
EndGlobal
